
Microsoft Visual Studio Solution File, Format Version 12.00
# Visual Studio Version 17
VisualStudioVersion = 17.14.36518.9
MinimumVisualStudioVersion = 10.0.40219.1
Project("{FAE04EC0-301F-11D3-BF4B-00C04F79EFBC}") = "Logic.Ui", "Logic.Ui\Logic.Ui.csproj", "{15BAAAEB-0052-421E-A26B-169E7B1AE4EF}"
EndProject
Project("{FAE04EC0-301F-11D3-BF4B-00C04F79EFBC}") = "Ui.Desktop", "..\Ui.Desktop\Ui.Desktop.csproj", "{3621ABB7-C080-42DD-9C4B-87183A8BDC36}"
EndProject
Global
	GlobalSection(SolutionConfigurationPlatforms) = preSolution
		Debug|Any CPU = Debug|Any CPU
		Debug|x64 = Debug|x64
		Debug|x86 = Debug|x86
		Release|Any CPU = Release|Any CPU
		Release|x64 = Release|x64
		Release|x86 = Release|x86
	EndGlobalSection
	GlobalSection(ProjectConfigurationPlatforms) = postSolution
		{15BAAAEB-0052-421E-A26B-169E7B1AE4EF}.Debug|Any CPU.ActiveCfg = Debug|Any CPU
		{15BAAAEB-0052-421E-A26B-169E7B1AE4EF}.Debug|Any CPU.Build.0 = Debug|Any CPU
		{15BAAAEB-0052-421E-A26B-169E7B1AE4EF}.Debug|x64.ActiveCfg = Debug|Any CPU
		{15BAAAEB-0052-421E-A26B-169E7B1AE4EF}.Debug|x64.Build.0 = Debug|Any CPU
		{15BAAAEB-0052-421E-A26B-169E7B1AE4EF}.Debug|x86.ActiveCfg = Debug|Any CPU
		{15BAAAEB-0052-421E-A26B-169E7B1AE4EF}.Debug|x86.Build.0 = Debug|Any CPU
		{15BAAAEB-0052-421E-A26B-169E7B1AE4EF}.Release|Any CPU.ActiveCfg = Release|Any CPU
		{15BAAAEB-0052-421E-A26B-169E7B1AE4EF}.Release|Any CPU.Build.0 = Release|Any CPU
		{15BAAAEB-0052-421E-A26B-169E7B1AE4EF}.Release|x64.ActiveCfg = Release|Any CPU
		{15BAAAEB-0052-421E-A26B-169E7B1AE4EF}.Release|x64.Build.0 = Release|Any CPU
		{15BAAAEB-0052-421E-A26B-169E7B1AE4EF}.Release|x86.ActiveCfg = Release|Any CPU
		{15BAAAEB-0052-421E-A26B-169E7B1AE4EF}.Release|x86.Build.0 = Release|Any CPU
		{3621ABB7-C080-42DD-9C4B-87183A8BDC36}.Debug|Any CPU.ActiveCfg = Debug|Any CPU
		{3621ABB7-C080-42DD-9C4B-87183A8BDC36}.Debug|Any CPU.Build.0 = Debug|Any CPU
		{3621ABB7-C080-42DD-9C4B-87183A8BDC36}.Debug|x64.ActiveCfg = Debug|Any CPU
		{3621ABB7-C080-42DD-9C4B-87183A8BDC36}.Debug|x64.Build.0 = Debug|Any CPU
		{3621ABB7-C080-42DD-9C4B-87183A8BDC36}.Debug|x86.ActiveCfg = Debug|Any CPU
		{3621ABB7-C080-42DD-9C4B-87183A8BDC36}.Debug|x86.Build.0 = Debug|Any CPU
		{3621ABB7-C080-42DD-9C4B-87183A8BDC36}.Release|Any CPU.ActiveCfg = Release|Any CPU
		{3621ABB7-C080-42DD-9C4B-87183A8BDC36}.Release|Any CPU.Build.0 = Release|Any CPU
		{3621ABB7-C080-42DD-9C4B-87183A8BDC36}.Release|x64.ActiveCfg = Release|Any CPU
		{3621ABB7-C080-42DD-9C4B-87183A8BDC36}.Release|x64.Build.0 = Release|Any CPU
		{3621ABB7-C080-42DD-9C4B-87183A8BDC36}.Release|x86.ActiveCfg = Release|Any CPU
		{3621ABB7-C080-42DD-9C4B-87183A8BDC36}.Release|x86.Build.0 = Release|Any CPU
	EndGlobalSection
	GlobalSection(SolutionProperties) = preSolution
		HideSolutionNode = FALSE
	EndGlobalSection
	GlobalSection(ExtensibilityGlobals) = postSolution
		SolutionGuid = {8BD15022-C00A-4A48-8F91-D4BAD2869FFF}
	EndGlobalSection
EndGlobal
